
Microsoft Visual Studio Solution File, Format Version 12.00
# Visual Studio Version 17
VisualStudioVersion = 17.3.32901.215
MinimumVisualStudioVersion = 10.0.40219.1
Project("{8BC9CEB8-8B4A-11D0-8D11-00A0C91BC942}") = "Task2", "Task2\Task2.vcxproj", "{49275133-BFC4-40F0-B2E5-C58D4EBBD211}"
EndProject
Global
	GlobalSection(SolutionConfigurationPlatforms) = preSolution
		Debug|x64 = Debug|x64
		Debug|x86 = Debug|x86
		Release|x64 = Release|x64
		Release|x86 = Release|x86
	EndGlobalSection
	GlobalSection(ProjectConfigurationPlatforms) = postSolution
		{49275133-BFC4-40F0-B2E5-C58D4EBBD211}.Debug|x64.ActiveCfg = Debug|x64
		{49275133-BFC4-40F0-B2E5-C58D4EBBD211}.Debug|x64.Build.0 = Debug|x64
		{49275133-BFC4-40F0-B2E5-C58D4EBBD211}.Debug|x86.ActiveCfg = Debug|Win32
		{49275133-BFC4-40F0-B2E5-C58D4EBBD211}.Debug|x86.Build.0 = Debug|Win32
		{49275133-BFC4-40F0-B2E5-C58D4EBBD211}.Release|x64.ActiveCfg = Release|x64
		{49275133-BFC4-40F0-B2E5-C58D4EBBD211}.Release|x64.Build.0 = Release|x64
		{49275133-BFC4-40F0-B2E5-C58D4EBBD211}.Release|x86.ActiveCfg = Release|Win32
		{49275133-BFC4-40F0-B2E5-C58D4EBBD211}.Release|x86.Build.0 = Release|Win32
	EndGlobalSection
	GlobalSection(SolutionProperties) = preSolution
		HideSolutionNode = FALSE
	EndGlobalSection
	GlobalSection(ExtensibilityGlobals) = postSolution
		SolutionGuid = {1AAA46CB-007E-4FDE-AC19-00116205A7A6}
	EndGlobalSection
EndGlobal
